
Microsoft Visual Studio Solution File, Format Version 12.00
# Visual Studio 2012
Project("{FAE04EC0-301F-11D3-BF4B-00C04F79EFBC}") = "se2demo", "se2demo\se2demo.csproj", "{90F70282-0B9B-4EAD-B76B-F768F2565A98}"
EndProject
Project("{2150E333-8FDC-42A3-9474-1A3956D46DE8}") = ".nuget", ".nuget", "{A74436DB-3D68-44B9-8463-9CDC9B69CC4B}"
	ProjectSection(SolutionItems) = preProject
		.nuget\packages.config = .nuget\packages.config
	EndProjectSection
EndProject
Global
	GlobalSection(SolutionConfigurationPlatforms) = preSolution
		Debug|Any CPU = Debug|Any CPU
		Release|Any CPU = Release|Any CPU
	EndGlobalSection
	GlobalSection(ProjectConfigurationPlatforms) = postSolution
		{90F70282-0B9B-4EAD-B76B-F768F2565A98}.Debug|Any CPU.ActiveCfg = Debug|Any CPU
		{90F70282-0B9B-4EAD-B76B-F768F2565A98}.Debug|Any CPU.Build.0 = Debug|Any CPU
		{90F70282-0B9B-4EAD-B76B-F768F2565A98}.Release|Any CPU.ActiveCfg = Release|Any CPU
		{90F70282-0B9B-4EAD-B76B-F768F2565A98}.Release|Any CPU.Build.0 = Release|Any CPU
	EndGlobalSection
	GlobalSection(SolutionProperties) = preSolution
		HideSolutionNode = FALSE
	EndGlobalSection
EndGlobal
